
Microsoft Visual Studio Solution File, Format Version 12.00
# Visual Studio Version 17
VisualStudioVersion = 17.11.35327.3
MinimumVisualStudioVersion = 10.0.40219.1
Project("{8BC9CEB8-8B4A-11D0-8D11-00A0C91BC942}") = "MathPowerLibraryStatic", "MathPowerLibraryStatic.vcxproj", "{F602AD2D-EC3E-4098-A86C-8B3D2AE43382}"
EndProject
Project("{8BC9CEB8-8B4A-11D0-8D11-00A0C91BC942}") = "MathPowerClient", "MathPowerClient\MathPowerClient.vcxproj", "{F1BA5D59-5813-4315-B90D-B24B15025C25}"
EndProject
Global
	GlobalSection(SolutionConfigurationPlatforms) = preSolution
		Debug|x64 = Debug|x64
		Debug|x86 = Debug|x86
		Release|x64 = Release|x64
		Release|x86 = Release|x86
	EndGlobalSection
	GlobalSection(ProjectConfigurationPlatforms) = postSolution
		{F602AD2D-EC3E-4098-A86C-8B3D2AE43382}.Debug|x64.ActiveCfg = Debug|x64
		{F602AD2D-EC3E-4098-A86C-8B3D2AE43382}.Debug|x64.Build.0 = Debug|x64
		{F602AD2D-EC3E-4098-A86C-8B3D2AE43382}.Debug|x86.ActiveCfg = Debug|Win32
		{F602AD2D-EC3E-4098-A86C-8B3D2AE43382}.Debug|x86.Build.0 = Debug|Win32
		{F602AD2D-EC3E-4098-A86C-8B3D2AE43382}.Release|x64.ActiveCfg = Release|x64
		{F602AD2D-EC3E-4098-A86C-8B3D2AE43382}.Release|x64.Build.0 = Release|x64
		{F602AD2D-EC3E-4098-A86C-8B3D2AE43382}.Release|x86.ActiveCfg = Release|Win32
		{F602AD2D-EC3E-4098-A86C-8B3D2AE43382}.Release|x86.Build.0 = Release|Win32
		{F1BA5D59-5813-4315-B90D-B24B15025C25}.Debug|x64.ActiveCfg = Debug|x64
		{F1BA5D59-5813-4315-B90D-B24B15025C25}.Debug|x64.Build.0 = Debug|x64
		{F1BA5D59-5813-4315-B90D-B24B15025C25}.Debug|x86.ActiveCfg = Debug|Win32
		{F1BA5D59-5813-4315-B90D-B24B15025C25}.Debug|x86.Build.0 = Debug|Win32
		{F1BA5D59-5813-4315-B90D-B24B15025C25}.Release|x64.ActiveCfg = Release|x64
		{F1BA5D59-5813-4315-B90D-B24B15025C25}.Release|x64.Build.0 = Release|x64
		{F1BA5D59-5813-4315-B90D-B24B15025C25}.Release|x86.ActiveCfg = Release|Win32
		{F1BA5D59-5813-4315-B90D-B24B15025C25}.Release|x86.Build.0 = Release|Win32
	EndGlobalSection
	GlobalSection(SolutionProperties) = preSolution
		HideSolutionNode = FALSE
	EndGlobalSection
	GlobalSection(ExtensibilityGlobals) = postSolution
		SolutionGuid = {D85969DD-C737-422F-9B87-A6E42F416964}
	EndGlobalSection
EndGlobal
